
Microsoft Visual Studio Solution File, Format Version 12.00
# Visual Studio Version 17
VisualStudioVersion = 17.5.33502.453
MinimumVisualStudioVersion = 10.0.40219.1
Project("{FAE04EC0-301F-11D3-BF4B-00C04F79EFBC}") = "DBLogik", "DBLogik\DBLogik.csproj", "{78C18DB1-FE9F-4262-89CA-B200E452C776}"
EndProject
Project("{FAE04EC0-301F-11D3-BF4B-00C04F79EFBC}") = "WpfApp", "WpfApp\WpfApp.csproj", "{6063A59A-E95D-483A-BC38-A678AA8D791A}"
EndProject
Project("{FAE04EC0-301F-11D3-BF4B-00C04F79EFBC}") = "WebApp2", "WebApp2\WebApp2.csproj", "{AE317D9A-ADC2-44E8-98E2-32024AE25289}"
EndProject
Project("{FAE04EC0-301F-11D3-BF4B-00C04F79EFBC}") = "API", "API\API.csproj", "{96F3E7DE-8F79-4654-A13B-ACFC23341334}"
EndProject
Project("{FAE04EC0-301F-11D3-BF4B-00C04F79EFBC}") = "WPFAPITest2", "WPFAPITest2\WPFAPITest2.csproj", "{502CE5F3-E35F-4814-B9D2-0FECE8009469}"
EndProject
Global
	GlobalSection(SolutionConfigurationPlatforms) = preSolution
		Debug|Any CPU = Debug|Any CPU
		Release|Any CPU = Release|Any CPU
	EndGlobalSection
	GlobalSection(ProjectConfigurationPlatforms) = postSolution
		{78C18DB1-FE9F-4262-89CA-B200E452C776}.Debug|Any CPU.ActiveCfg = Debug|Any CPU
		{78C18DB1-FE9F-4262-89CA-B200E452C776}.Debug|Any CPU.Build.0 = Debug|Any CPU
		{78C18DB1-FE9F-4262-89CA-B200E452C776}.Release|Any CPU.ActiveCfg = Release|Any CPU
		{78C18DB1-FE9F-4262-89CA-B200E452C776}.Release|Any CPU.Build.0 = Release|Any CPU
		{6063A59A-E95D-483A-BC38-A678AA8D791A}.Debug|Any CPU.ActiveCfg = Debug|Any CPU
		{6063A59A-E95D-483A-BC38-A678AA8D791A}.Debug|Any CPU.Build.0 = Debug|Any CPU
		{6063A59A-E95D-483A-BC38-A678AA8D791A}.Release|Any CPU.ActiveCfg = Release|Any CPU
		{6063A59A-E95D-483A-BC38-A678AA8D791A}.Release|Any CPU.Build.0 = Release|Any CPU
		{AE317D9A-ADC2-44E8-98E2-32024AE25289}.Debug|Any CPU.ActiveCfg = Debug|Any CPU
		{AE317D9A-ADC2-44E8-98E2-32024AE25289}.Debug|Any CPU.Build.0 = Debug|Any CPU
		{AE317D9A-ADC2-44E8-98E2-32024AE25289}.Release|Any CPU.ActiveCfg = Release|Any CPU
		{AE317D9A-ADC2-44E8-98E2-32024AE25289}.Release|Any CPU.Build.0 = Release|Any CPU
		{96F3E7DE-8F79-4654-A13B-ACFC23341334}.Debug|Any CPU.ActiveCfg = Debug|Any CPU
		{96F3E7DE-8F79-4654-A13B-ACFC23341334}.Debug|Any CPU.Build.0 = Debug|Any CPU
		{96F3E7DE-8F79-4654-A13B-ACFC23341334}.Release|Any CPU.ActiveCfg = Release|Any CPU
		{96F3E7DE-8F79-4654-A13B-ACFC23341334}.Release|Any CPU.Build.0 = Release|Any CPU
		{502CE5F3-E35F-4814-B9D2-0FECE8009469}.Debug|Any CPU.ActiveCfg = Debug|Any CPU
		{502CE5F3-E35F-4814-B9D2-0FECE8009469}.Debug|Any CPU.Build.0 = Debug|Any CPU
		{502CE5F3-E35F-4814-B9D2-0FECE8009469}.Release|Any CPU.ActiveCfg = Release|Any CPU
		{502CE5F3-E35F-4814-B9D2-0FECE8009469}.Release|Any CPU.Build.0 = Release|Any CPU
	EndGlobalSection
	GlobalSection(SolutionProperties) = preSolution
		HideSolutionNode = FALSE
	EndGlobalSection
	GlobalSection(ExtensibilityGlobals) = postSolution
		SolutionGuid = {2E7FFC29-E065-4001-B3D4-31FB423987E3}
	EndGlobalSection
EndGlobal
